{
  "name": "m365-governance-platform",
  "lockfileVersion": 3,
  "requires": true,
  "packages": {
    "": {
      "name": "m365-governance-platform",
      "license": "AGPL-3.0-or-later",
      "dependencies": {
        "@azure/msal-browser": "5.21.0"
      }
    },
    "node_modules/@azure/msal-browser": {
      "version": "5.21.0",
      "resolved": "https://registry.npmjs.org/@azure/msal-browser/-/msal-browser-5.21.0.tgz",
      "integrity": "sha512-80OcuXDErmcEDAIH9pBtSqBsed2sPT/IWmbG3xHLoPMl5zc8TINd6SlJAbVSmN5huGa3xGAg5qR7VnpaIEK0Zw==",
      "license": "MIT",
      "dependencies": {
        "@azure/msal-common": "16.14.0"
      },
      "engines": {
        "node": ">=0.8.0"
      }
    },
    "node_modules/@azure/msal-common": {
      "version": "16.14.0",
      "resolved": "https://registry.npmjs.org/@azure/msal-common/-/msal-common-16.14.0.tgz",
      "integrity": "sha512-A4rb55hI86Q9tBl/+jBj7TMz7iX2RFgQs/nExFzcAtoI/BFRVdaH5SL/MivrYD7qvweMpN8AgVvVMHV8UBYxew==",
      "license": "MIT",
      "engines": {
        "node": ">=0.8.0"
      }
    }
  }
}
